dependencies:
- name: postgresql
  repository: oci://ghcr.io/helmforgedev/helm
  version: 1.5.2
- name: mysql
  repository: oci://ghcr.io/helmforgedev/helm
  version: 1.4.1
- name: redis
  repository: oci://ghcr.io/helmforgedev/helm
  version: 1.2.1
digest: sha256:6a772707807b0cbc82979421499f6bdff5461dc615c5cd595b6885e1362e020b
generated: "2026-03-23T18:42:09.9753795-03:00"
