dependencies:
- name: postgresql
  repository: oci://ghcr.io/helmforgedev/helm
  version: 1.5.1
- name: mysql
  repository: oci://ghcr.io/helmforgedev/helm
  version: 1.4.1
digest: sha256:99dde4d248511d36ac21ebed3f4f1f0bc7d9e9c474ae8265897ce469aedbd5ac
generated: "2026-03-20T13:25:40.6275762-03:00"
