dependencies:
- name: postgresql
  repository: oci://ghcr.io/helmforgedev/helm
  version: 1.5.2
- name: mysql
  repository: oci://ghcr.io/helmforgedev/helm
  version: 1.4.1
digest: sha256:d937224208937c097eb22b325af06f9e55d28ebd510e989233a15ca5826f9ce8
generated: "2026-03-23T16:56:54.7359542-03:00"
